
Microsoft Visual Studio Solution File, Format Version 12.00
# Visual Studio Version 17
VisualStudioVersion = 17.14.36221.1 d17.14
MinimumVisualStudioVersion = 10.0.40219.1
Project("{FAE04EC0-301F-11D3-BF4B-00C04F79EFBC}") = "Assignment", "Assignment\Assignment.csproj", "{FD282282-15E8-42DB-A64D-29DC8A70773E}"
EndProject
Global
	GlobalSection(SolutionConfigurationPlatforms) = preSolution
		Debug|Any CPU = Debug|Any CPU
		Release|Any CPU = Release|Any CPU
	EndGlobalSection
	GlobalSection(ProjectConfigurationPlatforms) = postSolution
		{FD282282-15E8-42DB-A64D-29DC8A70773E}.Debug|Any CPU.ActiveCfg = Debug|Any CPU
		{FD282282-15E8-42DB-A64D-29DC8A70773E}.Debug|Any CPU.Build.0 = Debug|Any CPU
		{FD282282-15E8-42DB-A64D-29DC8A70773E}.Release|Any CPU.ActiveCfg = Release|Any CPU
		{FD282282-15E8-42DB-A64D-29DC8A70773E}.Release|Any CPU.Build.0 = Release|Any CPU
	EndGlobalSection
	GlobalSection(SolutionProperties) = preSolution
		HideSolutionNode = FALSE
	EndGlobalSection
	GlobalSection(ExtensibilityGlobals) = postSolution
		SolutionGuid = {6BCF6E27-D48D-4D10-8C65-405B3B4814EF}
	EndGlobalSection
EndGlobal
